
Microsoft Visual Studio Solution File, Format Version 12.00
# Visual Studio 15
VisualStudioVersion = 15.0.28307.438
MinimumVisualStudioVersion = 10.0.40219.1
Project("{FAE04EC0-301F-11D3-BF4B-00C04F79EFBC}") = "ex1_final_updated", "ex1_final_updated\ex1_final_updated.csproj", "{B7CA244D-C213-4174-81D0-1BBC3B5F972B}"
EndProject
Global
	GlobalSection(SolutionConfigurationPlatforms) = preSolution
		Debug|Any CPU = Debug|Any CPU
		Release|Any CPU = Release|Any CPU
	EndGlobalSection
	GlobalSection(ProjectConfigurationPlatforms) = postSolution
		{B7CA244D-C213-4174-81D0-1BBC3B5F972B}.Debug|Any CPU.ActiveCfg = Debug|Any CPU
		{B7CA244D-C213-4174-81D0-1BBC3B5F972B}.Debug|Any CPU.Build.0 = Debug|Any CPU
		{B7CA244D-C213-4174-81D0-1BBC3B5F972B}.Release|Any CPU.ActiveCfg = Release|Any CPU
		{B7CA244D-C213-4174-81D0-1BBC3B5F972B}.Release|Any CPU.Build.0 = Release|Any CPU
	EndGlobalSection
	GlobalSection(SolutionProperties) = preSolution
		HideSolutionNode = FALSE
	EndGlobalSection
	GlobalSection(ExtensibilityGlobals) = postSolution
		SolutionGuid = {B38B1C05-2DE8-425E-8A7F-7DB2C4E1F8C4}
	EndGlobalSection
EndGlobal
